
Microsoft Visual Studio Solution File, Format Version 12.00
# Visual Studio 2013
VisualStudioVersion = 12.0.30723.0
MinimumVisualStudioVersion = 10.0.40219.1
Project("{FAE04EC0-301F-11D3-BF4B-00C04F79EFBC}") = "SchedulerConsoleApp", "SchedulerConsoleApp\SchedulerConsoleApp.csproj", "{80ABFAED-887C-45E9-9E3A-0C8DCFA6E9EB}"
EndProject
Project("{FAE04EC0-301F-11D3-BF4B-00C04F79EFBC}") = "SchedulerManager", "SchedulerManager\SchedulerManager.csproj", "{A2560B8E-0940-4DEF-8B4B-41F1467B2661}"
EndProject
Global
	GlobalSection(SolutionConfigurationPlatforms) = preSolution
		Debug|Any CPU = Debug|Any CPU
		Release|Any CPU = Release|Any CPU
	EndGlobalSection
	GlobalSection(ProjectConfigurationPlatforms) = postSolution
		{80ABFAED-887C-45E9-9E3A-0C8DCFA6E9EB}.Debug|Any CPU.ActiveCfg = Debug|Any CPU
		{80ABFAED-887C-45E9-9E3A-0C8DCFA6E9EB}.Debug|Any CPU.Build.0 = Debug|Any CPU
		{80ABFAED-887C-45E9-9E3A-0C8DCFA6E9EB}.Release|Any CPU.ActiveCfg = Release|Any CPU
		{80ABFAED-887C-45E9-9E3A-0C8DCFA6E9EB}.Release|Any CPU.Build.0 = Release|Any CPU
		{A2560B8E-0940-4DEF-8B4B-41F1467B2661}.Debug|Any CPU.ActiveCfg = Debug|Any CPU
		{A2560B8E-0940-4DEF-8B4B-41F1467B2661}.Debug|Any CPU.Build.0 = Debug|Any CPU
		{A2560B8E-0940-4DEF-8B4B-41F1467B2661}.Release|Any CPU.ActiveCfg = Release|Any CPU
		{A2560B8E-0940-4DEF-8B4B-41F1467B2661}.Release|Any CPU.Build.0 = Release|Any CPU
	EndGlobalSection
	GlobalSection(SolutionProperties) = preSolution
		HideSolutionNode = FALSE
	EndGlobalSection
EndGlobal
